
Microsoft Visual Studio Solution File, Format Version 12.00
# Visual Studio Version 17
VisualStudioVersion = 17.12.35521.163
MinimumVisualStudioVersion = 10.0.40219.1
Project("{FAE04EC0-301F-11D3-BF4B-00C04F79EFBC}") = "TodoAppWPF2", "TodoAppWPF2.csproj", "{5BD367A9-884F-47A3-98AC-77A79C646F55}"
EndProject
Project("{FAE04EC0-301F-11D3-BF4B-00C04F79EFBC}") = "TestingTodoListProject", "..\TestingTodoListProject\TestingTodoListProject.csproj", "{E22776DB-AE6F-4423-8A0A-BD87DFC83037}"
EndProject
Global
	GlobalSection(SolutionConfigurationPlatforms) = preSolution
		Debug|Any CPU = Debug|Any CPU
		Release|Any CPU = Release|Any CPU
	EndGlobalSection
	GlobalSection(ProjectConfigurationPlatforms) = postSolution
		{5BD367A9-884F-47A3-98AC-77A79C646F55}.Debug|Any CPU.ActiveCfg = Debug|Any CPU
		{5BD367A9-884F-47A3-98AC-77A79C646F55}.Debug|Any CPU.Build.0 = Debug|Any CPU
		{5BD367A9-884F-47A3-98AC-77A79C646F55}.Release|Any CPU.ActiveCfg = Release|Any CPU
		{5BD367A9-884F-47A3-98AC-77A79C646F55}.Release|Any CPU.Build.0 = Release|Any CPU
		{E22776DB-AE6F-4423-8A0A-BD87DFC83037}.Debug|Any CPU.ActiveCfg = Debug|Any CPU
		{E22776DB-AE6F-4423-8A0A-BD87DFC83037}.Debug|Any CPU.Build.0 = Debug|Any CPU
		{E22776DB-AE6F-4423-8A0A-BD87DFC83037}.Release|Any CPU.ActiveCfg = Release|Any CPU
		{E22776DB-AE6F-4423-8A0A-BD87DFC83037}.Release|Any CPU.Build.0 = Release|Any CPU
	EndGlobalSection
	GlobalSection(SolutionProperties) = preSolution
		HideSolutionNode = FALSE
	EndGlobalSection
EndGlobal
